
Microsoft Visual Studio Solution File, Format Version 12.00
Project("{FAE04EC0-301F-11D3-BF4B-00C04F79EFBC}") = "WebApi", "backend\src\WebApi\WebApi.csproj", "{5E993ECF-9885-42B8-B930-3ED6D10DC068}"
EndProject
Project("{FAE04EC0-301F-11D3-BF4B-00C04F79EFBC}") = "Domain", "backend\src\Domain\Domain.csproj", "{460D2233-ECF0-48D0-A2C4-B974CDEBD613}"
EndProject
Project("{FAE04EC0-301F-11D3-BF4B-00C04F79EFBC}") = "Application", "backend\src\Application\Application.csproj", "{DA221229-657A-49B1-B6B4-1F4FDCB59607}"
EndProject
Project("{FAE04EC0-301F-11D3-BF4B-00C04F79EFBC}") = "Infrastructure", "backend\src\Infrastructure\Infrastructure.csproj", "{27A35A6D-4046-45C8-8A67-31BD258C527C}"
EndProject
Project("{FAE04EC0-301F-11D3-BF4B-00C04F79EFBC}") = "Application.UnitTests", "backend\tests\Application.UnitTests\Application.UnitTests.csproj", "{7941340D-AB11-4885-BF74-E11A14DD5396}"
EndProject
Project("{2150E333-8FDC-42A3-9474-1A3956D46DE8}") = "backend", "backend", "{F9EE0913-DE10-4C57-B9D7-3EC538912F34}"
	ProjectSection(SolutionItems) = preProject
		backend\project-dotaboost-v2.csproj = backend\project-dotaboost-v2.csproj
		backend\project-dotaboost-v2.sln.DotSettings.user = backend\project-dotaboost-v2.sln.DotSettings.user
		backend\Dockerfile = backend\Dockerfile
	EndProjectSection
EndProject
Project("{2150E333-8FDC-42A3-9474-1A3956D46DE8}") = "src", "src", "{AE1E0EE9-F4B7-42B0-8E17-9D0A7DC21953}"
EndProject
Project("{2150E333-8FDC-42A3-9474-1A3956D46DE8}") = "tests", "tests", "{A6A31D22-F0F2-4829-8910-EC0935078183}"
EndProject
Global
	GlobalSection(SolutionConfigurationPlatforms) = preSolution
		Debug|Any CPU = Debug|Any CPU
		Release|Any CPU = Release|Any CPU
	EndGlobalSection
	GlobalSection(ProjectConfigurationPlatforms) = postSolution
		{5E993ECF-9885-42B8-B930-3ED6D10DC068}.Debug|Any CPU.ActiveCfg = Debug|Any CPU
		{5E993ECF-9885-42B8-B930-3ED6D10DC068}.Debug|Any CPU.Build.0 = Debug|Any CPU
		{5E993ECF-9885-42B8-B930-3ED6D10DC068}.Release|Any CPU.ActiveCfg = Release|Any CPU
		{5E993ECF-9885-42B8-B930-3ED6D10DC068}.Release|Any CPU.Build.0 = Release|Any CPU
		{460D2233-ECF0-48D0-A2C4-B974CDEBD613}.Debug|Any CPU.ActiveCfg = Debug|Any CPU
		{460D2233-ECF0-48D0-A2C4-B974CDEBD613}.Debug|Any CPU.Build.0 = Debug|Any CPU
		{460D2233-ECF0-48D0-A2C4-B974CDEBD613}.Release|Any CPU.ActiveCfg = Release|Any CPU
		{460D2233-ECF0-48D0-A2C4-B974CDEBD613}.Release|Any CPU.Build.0 = Release|Any CPU
		{DA221229-657A-49B1-B6B4-1F4FDCB59607}.Debug|Any CPU.ActiveCfg = Debug|Any CPU
		{DA221229-657A-49B1-B6B4-1F4FDCB59607}.Debug|Any CPU.Build.0 = Debug|Any CPU
		{DA221229-657A-49B1-B6B4-1F4FDCB59607}.Release|Any CPU.ActiveCfg = Release|Any CPU
		{DA221229-657A-49B1-B6B4-1F4FDCB59607}.Release|Any CPU.Build.0 = Release|Any CPU
		{27A35A6D-4046-45C8-8A67-31BD258C527C}.Debug|Any CPU.ActiveCfg = Debug|Any CPU
		{27A35A6D-4046-45C8-8A67-31BD258C527C}.Debug|Any CPU.Build.0 = Debug|Any CPU
		{27A35A6D-4046-45C8-8A67-31BD258C527C}.Release|Any CPU.ActiveCfg = Release|Any CPU
		{27A35A6D-4046-45C8-8A67-31BD258C527C}.Release|Any CPU.Build.0 = Release|Any CPU
		{7941340D-AB11-4885-BF74-E11A14DD5396}.Debug|Any CPU.ActiveCfg = Debug|Any CPU
		{7941340D-AB11-4885-BF74-E11A14DD5396}.Debug|Any CPU.Build.0 = Debug|Any CPU
		{7941340D-AB11-4885-BF74-E11A14DD5396}.Release|Any CPU.ActiveCfg = Release|Any CPU
		{7941340D-AB11-4885-BF74-E11A14DD5396}.Release|Any CPU.Build.0 = Release|Any CPU
	EndGlobalSection
	GlobalSection(NestedProjects) = preSolution
		{AE1E0EE9-F4B7-42B0-8E17-9D0A7DC21953} = {F9EE0913-DE10-4C57-B9D7-3EC538912F34}
		{A6A31D22-F0F2-4829-8910-EC0935078183} = {F9EE0913-DE10-4C57-B9D7-3EC538912F34}
		{DA221229-657A-49B1-B6B4-1F4FDCB59607} = {AE1E0EE9-F4B7-42B0-8E17-9D0A7DC21953}
		{460D2233-ECF0-48D0-A2C4-B974CDEBD613} = {AE1E0EE9-F4B7-42B0-8E17-9D0A7DC21953}
		{27A35A6D-4046-45C8-8A67-31BD258C527C} = {AE1E0EE9-F4B7-42B0-8E17-9D0A7DC21953}
		{5E993ECF-9885-42B8-B930-3ED6D10DC068} = {AE1E0EE9-F4B7-42B0-8E17-9D0A7DC21953}
		{7941340D-AB11-4885-BF74-E11A14DD5396} = {A6A31D22-F0F2-4829-8910-EC0935078183}
	EndGlobalSection
EndGlobal
