
Microsoft Visual Studio Solution File, Format Version 12.00
Project("{2150E333-8FDC-42A3-9474-1A3956D46DE8}") = "src", "src", "{190DA570-9CC7-44E1-8D2B-58F0EE00E630}"
EndProject
Project("{2150E333-8FDC-42A3-9474-1A3956D46DE8}") = "tests", "tests", "{D2ACC44D-3567-4A93-AE68-28A5E51D3D41}"
EndProject
Project("{FAE04EC0-301F-11D3-BF4B-00C04F79EFBC}") = "WebApi", "WebApi\WebApi.csproj", "{5E993ECF-9885-42B8-B930-3ED6D10DC068}"
EndProject
Project("{FAE04EC0-301F-11D3-BF4B-00C04F79EFBC}") = "Domain", "Domain\Domain.csproj", "{460D2233-ECF0-48D0-A2C4-B974CDEBD613}"
EndProject
Project("{FAE04EC0-301F-11D3-BF4B-00C04F79EFBC}") = "Application", "Application\Application.csproj", "{DA221229-657A-49B1-B6B4-1F4FDCB59607}"
EndProject
Project("{FAE04EC0-301F-11D3-BF4B-00C04F79EFBC}") = "Infrastructure", "Infrastructure\Infrastructure.csproj", "{27A35A6D-4046-45C8-8A67-31BD258C527C}"
EndProject
Project("{FAE04EC0-301F-11D3-BF4B-00C04F79EFBC}") = "Application.UnitTests", "Application.UnitTests\Application.UnitTests.csproj", "{7941340D-AB11-4885-BF74-E11A14DD5396}"
EndProject
Global
	GlobalSection(SolutionConfigurationPlatforms) = preSolution
		Debug|Any CPU = Debug|Any CPU
		Release|Any CPU = Release|Any CPU
	EndGlobalSection
	GlobalSection(ProjectConfigurationPlatforms) = postSolution
		{5E993ECF-9885-42B8-B930-3ED6D10DC068}.Debug|Any CPU.ActiveCfg = Debug|Any CPU
		{5E993ECF-9885-42B8-B930-3ED6D10DC068}.Debug|Any CPU.Build.0 = Debug|Any CPU
		{5E993ECF-9885-42B8-B930-3ED6D10DC068}.Release|Any CPU.ActiveCfg = Release|Any CPU
		{5E993ECF-9885-42B8-B930-3ED6D10DC068}.Release|Any CPU.Build.0 = Release|Any CPU
		{460D2233-ECF0-48D0-A2C4-B974CDEBD613}.Debug|Any CPU.ActiveCfg = Debug|Any CPU
		{460D2233-ECF0-48D0-A2C4-B974CDEBD613}.Debug|Any CPU.Build.0 = Debug|Any CPU
		{460D2233-ECF0-48D0-A2C4-B974CDEBD613}.Release|Any CPU.ActiveCfg = Release|Any CPU
		{460D2233-ECF0-48D0-A2C4-B974CDEBD613}.Release|Any CPU.Build.0 = Release|Any CPU
		{DA221229-657A-49B1-B6B4-1F4FDCB59607}.Debug|Any CPU.ActiveCfg = Debug|Any CPU
		{DA221229-657A-49B1-B6B4-1F4FDCB59607}.Debug|Any CPU.Build.0 = Debug|Any CPU
		{DA221229-657A-49B1-B6B4-1F4FDCB59607}.Release|Any CPU.ActiveCfg = Release|Any CPU
		{DA221229-657A-49B1-B6B4-1F4FDCB59607}.Release|Any CPU.Build.0 = Release|Any CPU
		{27A35A6D-4046-45C8-8A67-31BD258C527C}.Debug|Any CPU.ActiveCfg = Debug|Any CPU
		{27A35A6D-4046-45C8-8A67-31BD258C527C}.Debug|Any CPU.Build.0 = Debug|Any CPU
		{27A35A6D-4046-45C8-8A67-31BD258C527C}.Release|Any CPU.ActiveCfg = Release|Any CPU
		{27A35A6D-4046-45C8-8A67-31BD258C527C}.Release|Any CPU.Build.0 = Release|Any CPU
		{7941340D-AB11-4885-BF74-E11A14DD5396}.Debug|Any CPU.ActiveCfg = Debug|Any CPU
		{7941340D-AB11-4885-BF74-E11A14DD5396}.Debug|Any CPU.Build.0 = Debug|Any CPU
		{7941340D-AB11-4885-BF74-E11A14DD5396}.Release|Any CPU.ActiveCfg = Release|Any CPU
		{7941340D-AB11-4885-BF74-E11A14DD5396}.Release|Any CPU.Build.0 = Release|Any CPU
	EndGlobalSection
	GlobalSection(NestedProjects) = preSolution
		{5E993ECF-9885-42B8-B930-3ED6D10DC068} = {190DA570-9CC7-44E1-8D2B-58F0EE00E630}
		{460D2233-ECF0-48D0-A2C4-B974CDEBD613} = {190DA570-9CC7-44E1-8D2B-58F0EE00E630}
		{DA221229-657A-49B1-B6B4-1F4FDCB59607} = {190DA570-9CC7-44E1-8D2B-58F0EE00E630}
		{27A35A6D-4046-45C8-8A67-31BD258C527C} = {190DA570-9CC7-44E1-8D2B-58F0EE00E630}
		{7941340D-AB11-4885-BF74-E11A14DD5396} = {D2ACC44D-3567-4A93-AE68-28A5E51D3D41}
	EndGlobalSection
EndGlobal
